
Microsoft Visual Studio Solution File, Format Version 12.00
# Visual Studio Version 17
VisualStudioVersion = 17.6.33723.286
MinimumVisualStudioVersion = 10.0.40219.1
Project("{FAE04EC0-301F-11D3-BF4B-00C04F79EFBC}") = "MicroQueryOrm.SqlServer", "MicroQueryOrm.SqlServer\MicroQueryOrm.SqlServer.csproj", "{339F85AF-3853-4322-BCE3-CD2A88492D95}"
EndProject
Project("{FAE04EC0-301F-11D3-BF4B-00C04F79EFBC}") = "MicroQueryOrm.Common", "MicroQueryOrm.Common\MicroQueryOrm.Common.csproj", "{0FC4C2C9-ABD9-4486-8F4C-7661D4726919}"
EndProject
Project("{FAE04EC0-301F-11D3-BF4B-00C04F79EFBC}") = "MicroQueryOrm.Tests", "MicroQueryOrm.Tests\MicroQueryOrm.Tests.csproj", "{989C754B-6E14-4BA0-A380-8F6CB6DBF4B5}"
EndProject
Global
	GlobalSection(SolutionConfigurationPlatforms) = preSolution
		Debug|Any CPU = Debug|Any CPU
		Release|Any CPU = Release|Any CPU
	EndGlobalSection
	GlobalSection(ProjectConfigurationPlatforms) = postSolution
		{339F85AF-3853-4322-BCE3-CD2A88492D95}.Debug|Any CPU.ActiveCfg = Debug|Any CPU
		{339F85AF-3853-4322-BCE3-CD2A88492D95}.Debug|Any CPU.Build.0 = Debug|Any CPU
		{339F85AF-3853-4322-BCE3-CD2A88492D95}.Release|Any CPU.ActiveCfg = Release|Any CPU
		{339F85AF-3853-4322-BCE3-CD2A88492D95}.Release|Any CPU.Build.0 = Release|Any CPU
		{0FC4C2C9-ABD9-4486-8F4C-7661D4726919}.Debug|Any CPU.ActiveCfg = Debug|Any CPU
		{0FC4C2C9-ABD9-4486-8F4C-7661D4726919}.Debug|Any CPU.Build.0 = Debug|Any CPU
		{0FC4C2C9-ABD9-4486-8F4C-7661D4726919}.Release|Any CPU.ActiveCfg = Release|Any CPU
		{0FC4C2C9-ABD9-4486-8F4C-7661D4726919}.Release|Any CPU.Build.0 = Release|Any CPU
		{989C754B-6E14-4BA0-A380-8F6CB6DBF4B5}.Debug|Any CPU.ActiveCfg = Debug|Any CPU
		{989C754B-6E14-4BA0-A380-8F6CB6DBF4B5}.Debug|Any CPU.Build.0 = Debug|Any CPU
		{989C754B-6E14-4BA0-A380-8F6CB6DBF4B5}.Release|Any CPU.ActiveCfg = Release|Any CPU
		{989C754B-6E14-4BA0-A380-8F6CB6DBF4B5}.Release|Any CPU.Build.0 = Release|Any CPU
	EndGlobalSection
	GlobalSection(SolutionProperties) = preSolution
		HideSolutionNode = FALSE
	EndGlobalSection
	GlobalSection(ExtensibilityGlobals) = postSolution
		SolutionGuid = {108CE0CD-A782-4237-BBA7-D8658E2D0FBD}
	EndGlobalSection
EndGlobal
